
Microsoft Visual Studio Solution File, Format Version 12.00
# Visual Studio Version 17
VisualStudioVersion = 17.9.34701.34
MinimumVisualStudioVersion = 10.0.40219.1
Project("{FAE04EC0-301F-11D3-BF4B-00C04F79EFBC}") = "FunctionalTest", "FunctionalTest\FunctionalTest.csproj", "{B2E04DE0-208C-461C-81D3-3F08184ACAD2}"
EndProject
Global
	GlobalSection(SolutionConfigurationPlatforms) = preSolution
		Debug|Any CPU = Debug|Any CPU
		Release|Any CPU = Release|Any CPU
	EndGlobalSection
	GlobalSection(ProjectConfigurationPlatforms) = postSolution
		{B2E04DE0-208C-461C-81D3-3F08184ACAD2}.Debug|Any CPU.ActiveCfg = Debug|Any CPU
		{B2E04DE0-208C-461C-81D3-3F08184ACAD2}.Debug|Any CPU.Build.0 = Debug|Any CPU
		{B2E04DE0-208C-461C-81D3-3F08184ACAD2}.Release|Any CPU.ActiveCfg = Release|Any CPU
		{B2E04DE0-208C-461C-81D3-3F08184ACAD2}.Release|Any CPU.Build.0 = Release|Any CPU
	EndGlobalSection
	GlobalSection(SolutionProperties) = preSolution
		HideSolutionNode = FALSE
	EndGlobalSection
	GlobalSection(ExtensibilityGlobals) = postSolution
		SolutionGuid = {11973172-B8BD-4BC7-B619-8006B3CE9466}
	EndGlobalSection
EndGlobal
